#MicroXplorer Configuration settings - do not modify
ADC1.Channel-0\#ChannelRegularConversion=ADC_CHANNEL_0
ADC1.IPParameters=Rank-0\#ChannelRegularConversion,master,Channel-0\#ChannelRegularConversion,SamplingTime-0\#ChannelRegularConversion,NbrOfConversionFlag
ADC1.NbrOfConversionFlag=1
ADC1.Rank-0\#ChannelRegularConversion=1
ADC1.SamplingTime-0\#ChannelRegularConversion=ADC_SAMPLETIME_3CYCLES
ADC1.master=1
CAD.formats=
CAD.pinconfig=
CAD.provider=
CAN1.BS1=CAN_BS1_1TQ
CAN1.BS2=CAN_BS2_1TQ
CAN1.CalculateBaudRate=875000
CAN1.CalculateTimeBit=1142
CAN1.CalculateTimeQuantum=380.95238095238096
CAN1.IPParameters=CalculateTimeQuantum,BS1,BS2,CalculateTimeBit,CalculateBaudRate
Dma.Request0=TIM1_CH1
Dma.Request1=TIM1_CH2
Dma.Request2=TIM2_CH1
Dma.Request3=TIM3_CH3
Dma.Request4=TIM4_CH1
Dma.Request5=TIM4_CH2
Dma.Request6=TIM2_CH2/CH4
Dma.Request7=TIM3_CH4/UP
Dma.RequestsNb=8
Dma.TIM1_CH1.0.Direction=DMA_MEMORY_TO_PERIPH
Dma.TIM1_CH1.0.FIFOMode=DMA_FIFOMODE_DISABLE
Dma.TIM1_CH1.0.Instance=DMA2_Stream1
Dma.TIM1_CH1.0.MemDataAlignment=DMA_MDATAALIGN_WORD
Dma.TIM1_CH1.0.MemInc=DMA_MINC_ENABLE
Dma.TIM1_CH1.0.Mode=DMA_CIRCULAR
Dma.TIM1_CH1.0.PeriphDataAlignment=DMA_PDATAALIGN_WORD
Dma.TIM1_CH1.0.PeriphInc=DMA_PINC_DISABLE
Dma.TIM1_CH1.0.Priority=DMA_PRIORITY_LOW
Dma.TIM1_CH1.0.RequestParameters=Instance,Direction,PeriphInc,MemInc,PeriphDataAlignment,MemDataAlignment,Mode,Priority,FIFOMode
Dma.TIM1_CH2.1.Direction=DMA_MEMORY_TO_PERIPH
Dma.TIM1_CH2.1.FIFOMode=DMA_FIFOMODE_DISABLE
Dma.TIM1_CH2.1.Instance=DMA2_Stream2
Dma.TIM1_CH2.1.MemDataAlignment=DMA_MDATAALIGN_WORD
Dma.TIM1_CH2.1.MemInc=DMA_MINC_ENABLE
Dma.TIM1_CH2.1.Mode=DMA_CIRCULAR
Dma.TIM1_CH2.1.PeriphDataAlignment=DMA_PDATAALIGN_WORD
Dma.TIM1_CH2.1.PeriphInc=DMA_PINC_DISABLE
Dma.TIM1_CH2.1.Priority=DMA_PRIORITY_LOW
Dma.TIM1_CH2.1.RequestParameters=Instance,Direction,PeriphInc,MemInc,PeriphDataAlignment,MemDataAlignment,Mode,Priority,FIFOMode
Dma.TIM2_CH1.2.Direction=DMA_MEMORY_TO_PERIPH
Dma.TIM2_CH1.2.FIFOMode=DMA_FIFOMODE_DISABLE
Dma.TIM2_CH1.2.Instance=DMA1_Stream5
Dma.TIM2_CH1.2.MemDataAlignment=DMA_MDATAALIGN_WORD
Dma.TIM2_CH1.2.MemInc=DMA_MINC_ENABLE
Dma.TIM2_CH1.2.Mode=DMA_CIRCULAR
Dma.TIM2_CH1.2.PeriphDataAlignment=DMA_PDATAALIGN_WORD
Dma.TIM2_CH1.2.PeriphInc=DMA_PINC_DISABLE
Dma.TIM2_CH1.2.Priority=DMA_PRIORITY_LOW
Dma.TIM2_CH1.2.RequestParameters=Instance,Direction,PeriphInc,MemInc,PeriphDataAlignment,MemDataAlignment,Mode,Priority,FIFOMode
Dma.TIM2_CH2/CH4.6.Direction=DMA_MEMORY_TO_PERIPH
Dma.TIM2_CH2/CH4.6.FIFOMode=DMA_FIFOMODE_DISABLE
Dma.TIM2_CH2/CH4.6.Instance=DMA1_Stream6
Dma.TIM2_CH2/CH4.6.MemDataAlignment=DMA_MDATAALIGN_WORD
Dma.TIM2_CH2/CH4.6.MemInc=DMA_MINC_ENABLE
Dma.TIM2_CH2/CH4.6.Mode=DMA_CIRCULAR
Dma.TIM2_CH2/CH4.6.PeriphDataAlignment=DMA_PDATAALIGN_WORD
Dma.TIM2_CH2/CH4.6.PeriphInc=DMA_PINC_DISABLE
Dma.TIM2_CH2/CH4.6.Priority=DMA_PRIORITY_LOW
Dma.TIM2_CH2/CH4.6.RequestParameters=Instance,Direction,PeriphInc,MemInc,PeriphDataAlignment,MemDataAlignment,Mode,Priority,FIFOMode
Dma.TIM3_CH3.3.Direction=DMA_MEMORY_TO_PERIPH
Dma.TIM3_CH3.3.FIFOMode=DMA_FIFOMODE_DISABLE
Dma.TIM3_CH3.3.Instance=DMA1_Stream7
Dma.TIM3_CH3.3.MemDataAlignment=DMA_MDATAALIGN_WORD
Dma.TIM3_CH3.3.MemInc=DMA_MINC_ENABLE
Dma.TIM3_CH3.3.Mode=DMA_CIRCULAR
Dma.TIM3_CH3.3.PeriphDataAlignment=DMA_PDATAALIGN_WORD
Dma.TIM3_CH3.3.PeriphInc=DMA_PINC_DISABLE
Dma.TIM3_CH3.3.Priority=DMA_PRIORITY_LOW
Dma.TIM3_CH3.3.RequestParameters=Instance,Direction,PeriphInc,MemInc,PeriphDataAlignment,MemDataAlignment,Mode,Priority,FIFOMode
Dma.TIM3_CH4/UP.7.Direction=DMA_MEMORY_TO_PERIPH
Dma.TIM3_CH4/UP.7.FIFOMode=DMA_FIFOMODE_DISABLE
Dma.TIM3_CH4/UP.7.Instance=DMA1_Stream2
Dma.TIM3_CH4/UP.7.MemDataAlignment=DMA_MDATAALIGN_WORD
Dma.TIM3_CH4/UP.7.MemInc=DMA_MINC_ENABLE
Dma.TIM3_CH4/UP.7.Mode=DMA_CIRCULAR
Dma.TIM3_CH4/UP.7.PeriphDataAlignment=DMA_PDATAALIGN_WORD
Dma.TIM3_CH4/UP.7.PeriphInc=DMA_PINC_DISABLE
Dma.TIM3_CH4/UP.7.Priority=DMA_PRIORITY_LOW
Dma.TIM3_CH4/UP.7.RequestParameters=Instance,Direction,PeriphInc,MemInc,PeriphDataAlignment,MemDataAlignment,Mode,Priority,FIFOMode
Dma.TIM4_CH1.4.Direction=DMA_MEMORY_TO_PERIPH
Dma.TIM4_CH1.4.FIFOMode=DMA_FIFOMODE_DISABLE
Dma.TIM4_CH1.4.Instance=DMA1_Stream0
Dma.TIM4_CH1.4.MemDataAlignment=DMA_MDATAALIGN_WORD
Dma.TIM4_CH1.4.MemInc=DMA_MINC_ENABLE
Dma.TIM4_CH1.4.Mode=DMA_CIRCULAR
Dma.TIM4_CH1.4.PeriphDataAlignment=DMA_PDATAALIGN_WORD
Dma.TIM4_CH1.4.PeriphInc=DMA_PINC_DISABLE
Dma.TIM4_CH1.4.Priority=DMA_PRIORITY_LOW
Dma.TIM4_CH1.4.RequestParameters=Instance,Direction,PeriphInc,MemInc,PeriphDataAlignment,MemDataAlignment,Mode,Priority,FIFOMode
Dma.TIM4_CH2.5.Direction=DMA_MEMORY_TO_PERIPH
Dma.TIM4_CH2.5.FIFOMode=DMA_FIFOMODE_DISABLE
Dma.TIM4_CH2.5.Instance=DMA1_Stream3
Dma.TIM4_CH2.5.MemDataAlignment=DMA_MDATAALIGN_WORD
Dma.TIM4_CH2.5.MemInc=DMA_MINC_ENABLE
Dma.TIM4_CH2.5.Mode=DMA_CIRCULAR
Dma.TIM4_CH2.5.PeriphDataAlignment=DMA_PDATAALIGN_WORD
Dma.TIM4_CH2.5.PeriphInc=DMA_PINC_DISABLE
Dma.TIM4_CH2.5.Priority=DMA_PRIORITY_LOW
Dma.TIM4_CH2.5.RequestParameters=Instance,Direction,PeriphInc,MemInc,PeriphDataAlignment,MemDataAlignment,Mode,Priority,FIFOMode
FREERTOS.FootprintOK=true
FREERTOS.IPParameters=Tasks01,configTOTAL_HEAP_SIZE,Queues01,FootprintOK,configENABLE_FPU
FREERTOS.Queues01=SignalGeneratorQueue,8,tdPwmData,0,Dynamic,NULL,NULL
FREERTOS.Tasks01=defaultTask,24,1024,StartDefaultTask,As weak,NULL,Dynamic,NULL,NULL;ChngSignalParam,24,1024,ChangeSignalParamsTask,As weak,NULL,Dynamic,NULL,NULL
FREERTOS.configENABLE_FPU=1
FREERTOS.configTOTAL_HEAP_SIZE=34000
File.Version=6
GPIO.groupedBy=Group By Peripherals
KeepUserPlacement=false
Mcu.CPN=STM32F405RGT6
Mcu.Family=STM32F4
Mcu.IP0=ADC1
Mcu.IP1=CAN1
Mcu.IP10=TIM3
Mcu.IP11=TIM4
Mcu.IP12=TIM5
Mcu.IP13=TIM8
Mcu.IP14=TIM12
Mcu.IP15=TIM13
Mcu.IP16=TIM14
Mcu.IP17=UART5
Mcu.IP2=CRC
Mcu.IP3=DMA
Mcu.IP4=FREERTOS
Mcu.IP5=NVIC
Mcu.IP6=RCC
Mcu.IP7=SYS
Mcu.IP8=TIM1
Mcu.IP9=TIM2
Mcu.IPNb=18
Mcu.Name=STM32F405RGTx
Mcu.Package=LQFP64
Mcu.Pin0=PH0-OSC_IN
Mcu.Pin1=PH1-OSC_OUT
Mcu.Pin10=PB2
Mcu.Pin11=PB12
Mcu.Pin12=PB13
Mcu.Pin13=PC8
Mcu.Pin14=PC9
Mcu.Pin15=PA8
Mcu.Pin16=PA9
Mcu.Pin17=PA10
Mcu.Pin18=PA11
Mcu.Pin19=PA12
Mcu.Pin2=PC2
Mcu.Pin20=PA13
Mcu.Pin21=PA14
Mcu.Pin22=PA15
Mcu.Pin23=PC10
Mcu.Pin24=PC11
Mcu.Pin25=PC12
Mcu.Pin26=PD2
Mcu.Pin27=PB3
Mcu.Pin28=PB6
Mcu.Pin29=PB7
Mcu.Pin3=PC3
Mcu.Pin30=PB8
Mcu.Pin31=PB9
Mcu.Pin32=VP_CRC_VS_CRC
Mcu.Pin33=VP_FREERTOS_VS_CMSIS_V2
Mcu.Pin34=VP_SYS_VS_tim6
Mcu.Pin35=VP_TIM1_VS_ClockSourceINT
Mcu.Pin36=VP_TIM2_VS_ClockSourceINT
Mcu.Pin37=VP_TIM3_VS_ClockSourceINT
Mcu.Pin38=VP_TIM4_VS_ClockSourceINT
Mcu.Pin39=VP_TIM5_VS_ClockSourceINT
Mcu.Pin4=PA0-WKUP
Mcu.Pin40=VP_TIM8_VS_ClockSourceINT
Mcu.Pin41=VP_TIM12_VS_ClockSourceINT
Mcu.Pin42=VP_TIM13_VS_ClockSourceINT
Mcu.Pin43=VP_TIM13_VS_no_output1
Mcu.Pin44=VP_TIM14_VS_ClockSourceINT
Mcu.Pin5=PA1
Mcu.Pin6=PA2
Mcu.Pin7=PA3
Mcu.Pin8=PA6
Mcu.Pin9=PA7
Mcu.PinsNb=45
Mcu.ThirdPartyNb=0
Mcu.UserConstants=
Mcu.UserName=STM32F405RGTx
MxCube.Version=6.9.1
MxDb.Version=DB.6.0.91
NVIC.BusFault_IRQn=true\:0\:0\:false\:false\:true\:false\:false\:false\:false
NVIC.DMA1_Stream0_IRQn=true\:6\:0\:true\:false\:true\:true\:false\:true\:true
NVIC.DMA1_Stream2_IRQn=true\:6\:0\:true\:false\:true\:true\:false\:true\:true
NVIC.DMA1_Stream3_IRQn=true\:6\:0\:true\:false\:true\:true\:false\:true\:true
NVIC.DMA1_Stream5_IRQn=true\:6\:0\:true\:false\:true\:true\:false\:true\:true
NVIC.DMA1_Stream6_IRQn=true\:6\:0\:true\:false\:true\:true\:false\:true\:true
NVIC.DMA1_Stream7_IRQn=true\:6\:0\:true\:false\:true\:true\:false\:true\:true
NVIC.DMA2_Stream1_IRQn=true\:6\:0\:true\:false\:true\:true\:false\:true\:true
NVIC.DMA2_Stream2_IRQn=true\:6\:0\:true\:false\:true\:true\:false\:true\:true
NVIC.DebugMonitor_IRQn=true\:0\:0\:false\:false\:true\:false\:false\:false\:false
NVIC.ForceEnableDMAVector=true
NVIC.HardFault_IRQn=true\:0\:0\:false\:false\:true\:false\:false\:false\:false
NVIC.MemoryManagement_IRQn=true\:0\:0\:false\:false\:true\:false\:false\:false\:false
NVIC.NonMaskableInt_IRQn=true\:0\:0\:false\:false\:true\:false\:false\:false\:false
NVIC.PendSV_IRQn=true\:15\:0\:false\:false\:false\:true\:false\:false\:false
NVIC.PriorityGroup=NVIC_PRIORITYGROUP_4
NVIC.SVCall_IRQn=true\:0\:0\:false\:false\:false\:false\:false\:false\:false
NVIC.SavedPendsvIrqHandlerGenerated=true
NVIC.SavedSvcallIrqHandlerGenerated=true
NVIC.SavedSystickIrqHandlerGenerated=true
NVIC.SysTick_IRQn=true\:15\:0\:false\:false\:false\:true\:false\:true\:false
NVIC.TIM1_CC_IRQn=true\:6\:0\:true\:false\:true\:true\:true\:true\:true
NVIC.TIM1_UP_TIM10_IRQn=true\:6\:0\:true\:false\:true\:true\:true\:true\:true
NVIC.TIM2_IRQn=true\:6\:0\:true\:false\:true\:true\:true\:true\:true
NVIC.TIM3_IRQn=true\:6\:0\:true\:false\:true\:true\:true\:true\:true
NVIC.TIM4_IRQn=true\:6\:0\:true\:false\:true\:true\:true\:true\:true
NVIC.TIM6_DAC_IRQn=true\:0\:0\:true\:false\:true\:false\:false\:true\:true
NVIC.TIM8_BRK_TIM12_IRQn=true\:10\:0\:true\:false\:true\:true\:true\:true\:true
NVIC.TIM8_UP_TIM13_IRQn=true\:10\:0\:true\:false\:true\:true\:true\:true\:true
NVIC.TimeBase=TIM6_DAC_IRQn
NVIC.TimeBaseIP=TIM6
NVIC.UART5_IRQn=true\:5\:0\:true\:false\:true\:true\:true\:true\:true
NVIC.UsageFault_IRQn=true\:0\:0\:false\:false\:true\:false\:false\:false\:false
PA0-WKUP.GPIOParameters=GPIO_Label
PA0-WKUP.GPIO_Label=ADC1_IN0_IND1_POS
PA0-WKUP.Locked=true
PA0-WKUP.Signal=ADCx_IN0
PA1.GPIOParameters=GPIO_Label
PA1.GPIO_Label=ADC1_IN1_IND1_NEG
PA1.Locked=true
PA1.Signal=ADCx_IN1
PA10.GPIOParameters=GPIO_Label
PA10.GPIO_Label=LED1_GREEN
PA10.Locked=true
PA10.Signal=GPIO_Output
PA11.Locked=true
PA11.Mode=CAN_Activate
PA11.Signal=CAN1_RX
PA12.Locked=true
PA12.Mode=CAN_Activate
PA12.Signal=CAN1_TX
PA13.Mode=Serial_Wire
PA13.Signal=SYS_JTMS-SWDIO
PA14.Mode=Serial_Wire
PA14.Signal=SYS_JTCK-SWCLK
PA15.GPIOParameters=GPIO_Speed,GPIO_PuPd,GPIO_Label
PA15.GPIO_Label=IND2_POS_DMA
PA15.GPIO_PuPd=GPIO_NOPULL
PA15.GPIO_Speed=GPIO_SPEED_FREQ_VERY_HIGH
PA15.Locked=true
PA15.Signal=S_TIM2_CH1_ETR
PA2.GPIOParameters=GPIO_Label
PA2.GPIO_Label=ADC1_IN2_IND2_POS
PA2.Locked=true
PA2.Signal=ADCx_IN2
PA3.GPIOParameters=GPIO_Label
PA3.GPIO_Label=ADC1_IN3_IND2_NEG
PA3.Signal=ADCx_IN3
PA6.GPIOParameters=GPIO_Label
PA6.GPIO_Label=ADC1_IN6_IND4_POS
PA6.Signal=ADCx_IN6
PA7.GPIOParameters=GPIO_Label
PA7.GPIO_Label=ADC1_IN7_IND4_NEG
PA7.Signal=ADCx_IN7
PA8.GPIOParameters=GPIO_Speed,GPIO_PuPd,GPIO_Label
PA8.GPIO_Label=IND1_POS_DMA
PA8.GPIO_PuPd=GPIO_NOPULL
PA8.GPIO_Speed=GPIO_SPEED_FREQ_VERY_HIGH
PA8.Locked=true
PA8.Signal=S_TIM1_CH1
PA9.GPIOParameters=GPIO_Speed,GPIO_PuPd,GPIO_Label
PA9.GPIO_Label=IND1_NEG_DMA
PA9.GPIO_PuPd=GPIO_NOPULL
PA9.GPIO_Speed=GPIO_SPEED_FREQ_VERY_HIGH
PA9.Locked=true
PA9.Signal=S_TIM1_CH2
PB12.GPIOParameters=GPIO_Label
PB12.GPIO_Label=TEST_MODE
PB12.Locked=true
PB12.Signal=GPIO_Input
PB13.GPIOParameters=GPIO_Label
PB13.GPIO_Label=LED2_GREEN
PB13.Locked=true
PB13.Signal=GPIO_Output
PB2.GPIOParameters=GPIO_Label
PB2.GPIO_Label=BOOT1
PB2.Locked=true
PB2.Signal=GPIO_Input
PB3.GPIOParameters=GPIO_Speed,GPIO_PuPd,GPIO_Label
PB3.GPIO_Label=IND2_NEG_DMA
PB3.GPIO_PuPd=GPIO_NOPULL
PB3.GPIO_Speed=GPIO_SPEED_FREQ_VERY_HIGH
PB3.Locked=true
PB3.Signal=S_TIM2_CH2
PB6.GPIOParameters=GPIO_Speed,GPIO_PuPd,GPIO_Label
PB6.GPIO_Label=IND4_POS_DMA
PB6.GPIO_PuPd=GPIO_NOPULL
PB6.GPIO_Speed=GPIO_SPEED_FREQ_VERY_HIGH
PB6.Locked=true
PB6.Signal=S_TIM4_CH1
PB7.GPIOParameters=GPIO_Speed,GPIO_PuPd,GPIO_Label
PB7.GPIO_Label=IND4_NEG_DMA
PB7.GPIO_PuPd=GPIO_NOPULL
PB7.GPIO_Speed=GPIO_SPEED_FREQ_VERY_HIGH
PB7.Locked=true
PB7.Signal=S_TIM4_CH2
PB8.GPIOParameters=GPIO_Label
PB8.GPIO_Label=RESERVE_1
PB8.Locked=true
PB8.Signal=S_TIM4_CH3
PB9.GPIOParameters=GPIO_Label
PB9.GPIO_Label=RESERVE_2
PB9.Locked=true
PB9.Signal=S_TIM4_CH4
PC10.GPIOParameters=GPIO_Label
PC10.GPIO_Label=LED3_RED
PC10.Locked=true
PC10.Signal=GPIO_Output
PC11.GPIOParameters=GPIO_Label
PC11.GPIO_Label=LED4_RED
PC11.Locked=true
PC11.Signal=GPIO_Output
PC12.GPIOParameters=GPIO_PuPd
PC12.GPIO_PuPd=GPIO_NOPULL
PC12.Mode=Asynchronous
PC12.Signal=UART5_TX
PC2.GPIOParameters=GPIO_Label
PC2.GPIO_Label=ADC1_IN12_IND7_POS
PC2.Locked=true
PC2.Signal=ADCx_IN12
PC3.GPIOParameters=GPIO_Label
PC3.GPIO_Label=ADC1_IN13_IND7_NEG
PC3.Locked=true
PC3.Signal=ADCx_IN13
PC8.GPIOParameters=GPIO_Speed,GPIO_PuPd,GPIO_Label
PC8.GPIO_Label=IND7_POS_DMA
PC8.GPIO_PuPd=GPIO_NOPULL
PC8.GPIO_Speed=GPIO_SPEED_FREQ_VERY_HIGH
PC8.Locked=true
PC8.Signal=S_TIM3_CH3
PC9.GPIOParameters=GPIO_Speed,GPIO_PuPd,GPIO_Label
PC9.GPIO_Label=IND7_NEG_DMA
PC9.GPIO_PuPd=GPIO_NOPULL
PC9.GPIO_Speed=GPIO_SPEED_FREQ_VERY_HIGH
PC9.Locked=true
PC9.Signal=S_TIM3_CH4
PD2.GPIOParameters=GPIO_PuPd
PD2.GPIO_PuPd=GPIO_NOPULL
PD2.Mode=Asynchronous
PD2.Signal=UART5_RX
PH0-OSC_IN.Mode=HSE-External-Oscillator
PH0-OSC_IN.Signal=RCC_OSC_IN
PH1-OSC_OUT.Mode=HSE-External-Oscillator
PH1-OSC_OUT.Signal=RCC_OSC_OUT
PinOutPanel.RotationAngle=0
ProjectManager.AskForMigrate=true
ProjectManager.BackupPrevious=false
ProjectManager.CompilerOptimize=6
ProjectManager.ComputerToolchain=false
ProjectManager.CoupleFile=true
ProjectManager.CustomerFirmwarePackage=
ProjectManager.DefaultFWLocation=true
ProjectManager.DeletePrevious=true
ProjectManager.DeviceId=STM32F405RGTx
ProjectManager.FirmwarePackage=STM32Cube FW_F4 V1.27.1
ProjectManager.FreePins=false
ProjectManager.HalAssertFull=false
ProjectManager.HeapSize=0x2000
ProjectManager.KeepUserCode=true
ProjectManager.LastFirmware=true
ProjectManager.LibraryCopy=0
ProjectManager.MainLocation=Core/Src
ProjectManager.NoMain=false
ProjectManager.PreviousToolchain=
ProjectManager.ProjectBuild=false
ProjectManager.ProjectFileName=405_PA_Add.ioc
ProjectManager.ProjectName=405_PA_Add
ProjectManager.ProjectStructure=
ProjectManager.RegisterCallBack=TIM,UART
ProjectManager.StackSize=0x4000
ProjectManager.TargetToolchain=EWARM V8.50
ProjectManager.ToolChainLocation=
ProjectManager.UAScriptAfterPath=
ProjectManager.UAScriptBeforePath=
ProjectManager.UnderRoot=false
ProjectManager.functionlistsort=1-MX_GPIO_Init-GPIO-false-HAL-true,2-SystemClock_Config-RCC-false-HAL-false,3-MX_DMA_Init-DMA-false-HAL-true,4-MX_CAN1_Init-CAN1-false-HAL-true,5-MX_ADC1_Init-ADC1-false-HAL-true,6-MX_TIM1_Init-TIM1-false-HAL-true,7-MX_TIM2_Init-TIM2-false-HAL-true,8-MX_TIM3_Init-TIM3-false-HAL-true,9-MX_TIM4_Init-TIM4-false-HAL-true,10-MX_TIM5_Init-TIM5-false-HAL-true,11-MX_TIM8_Init-TIM8-false-HAL-true,12-MX_TIM12_Init-TIM12-false-HAL-true,13-MX_TIM14_Init-TIM14-false-HAL-true,14-MX_TIM13_Init-TIM13-false-HAL-true,15-MX_UART5_Init-UART5-false-HAL-true,16-MX_CRC_Init-CRC-false-HAL-true
RCC.48MHZClocksFreq_Value=84000000
RCC.AHBFreq_Value=168000000
RCC.APB1CLKDivider=RCC_HCLK_DIV4
RCC.APB1Freq_Value=42000000
RCC.APB1TimFreq_Value=84000000
RCC.APB2CLKDivider=RCC_HCLK_DIV4
RCC.APB2Freq_Value=42000000
RCC.APB2TimFreq_Value=84000000
RCC.CortexFreq_Value=168000000
RCC.EthernetFreq_Value=168000000
RCC.FCLKCortexFreq_Value=168000000
RCC.FamilyName=M
RCC.HCLKFreq_Value=168000000
RCC.HSE_VALUE=16000000
RCC.HSI_VALUE=16000000
RCC.I2SClocksFreq_Value=96000000
RCC.IPParameters=48MHZClocksFreq_Value,AHBFreq_Value,APB1CLKDivider,APB1Freq_Value,APB1TimFreq_Value,APB2CLKDivider,APB2Freq_Value,APB2TimFreq_Value,CortexFreq_Value,EthernetFreq_Value,FCLKCortexFreq_Value,FamilyName,HCLKFreq_Value,HSE_VALUE,HSI_VALUE,I2SClocksFreq_Value,LSE_VALUE,LSI_VALUE,MCO2PinFreq_Value,PLLCLKFreq_Value,PLLN,PLLQCLKFreq_Value,RTCFreq_Value,RTCHSEDivFreq_Value,SYSCLKFreq_VALUE,SYSCLKSource,VCOI2SOutputFreq_Value,VCOInputFreq_Value,VCOOutputFreq_Value,VcooutputI2S
RCC.LSE_VALUE=32768
RCC.LSI_VALUE=32000
RCC.MCO2PinFreq_Value=168000000
RCC.PLLCLKFreq_Value=168000000
RCC.PLLN=336
RCC.PLLQCLKFreq_Value=84000000
RCC.RTCFreq_Value=32000
RCC.RTCHSEDivFreq_Value=8000000
RCC.SYSCLKFreq_VALUE=168000000
RCC.SYSCLKSource=RCC_SYSCLKSOURCE_PLLCLK
RCC.VCOI2SOutputFreq_Value=192000000
RCC.VCOInputFreq_Value=1000000
RCC.VCOOutputFreq_Value=336000000
RCC.VcooutputI2S=96000000
SH.ADCx_IN0.0=ADC1_IN0,IN0
SH.ADCx_IN0.ConfNb=1
SH.ADCx_IN1.0=ADC1_IN1,IN1
SH.ADCx_IN1.ConfNb=1
SH.ADCx_IN12.0=ADC1_IN12,IN12
SH.ADCx_IN12.ConfNb=1
SH.ADCx_IN13.0=ADC1_IN13,IN13
SH.ADCx_IN13.ConfNb=1
SH.ADCx_IN2.0=ADC1_IN2,IN2
SH.ADCx_IN2.ConfNb=1
SH.ADCx_IN3.0=ADC1_IN3,IN3
SH.ADCx_IN3.ConfNb=1
SH.ADCx_IN6.0=ADC1_IN6,IN6
SH.ADCx_IN6.ConfNb=1
SH.ADCx_IN7.0=ADC1_IN7,IN7
SH.ADCx_IN7.ConfNb=1
SH.S_TIM1_CH1.0=TIM1_CH1,PWM Generation1 CH1
SH.S_TIM1_CH1.ConfNb=1
SH.S_TIM1_CH2.0=TIM1_CH2,PWM Generation2 CH2
SH.S_TIM1_CH2.ConfNb=1
SH.S_TIM2_CH1_ETR.0=TIM2_CH1,PWM Generation1 CH1
SH.S_TIM2_CH1_ETR.ConfNb=1
SH.S_TIM2_CH2.0=TIM2_CH2,PWM Generation2 CH2
SH.S_TIM2_CH2.ConfNb=1
SH.S_TIM3_CH3.0=TIM3_CH3,PWM Generation3 CH3
SH.S_TIM3_CH3.ConfNb=1
SH.S_TIM3_CH4.0=TIM3_CH4,PWM Generation4 CH4
SH.S_TIM3_CH4.ConfNb=1
SH.S_TIM4_CH1.0=TIM4_CH1,PWM Generation1 CH1
SH.S_TIM4_CH1.ConfNb=1
SH.S_TIM4_CH2.0=TIM4_CH2,PWM Generation2 CH2
SH.S_TIM4_CH2.ConfNb=1
SH.S_TIM4_CH3.0=TIM4_CH3
SH.S_TIM4_CH3.ConfNb=1
SH.S_TIM4_CH4.0=TIM4_CH4
SH.S_TIM4_CH4.ConfNb=1
TIM1.Channel-PWM\ Generation1\ CH1=TIM_CHANNEL_1
TIM1.Channel-PWM\ Generation2\ CH2=TIM_CHANNEL_2
TIM1.IPParameters=Channel-PWM Generation1 CH1,Channel-PWM Generation2 CH2,Period,OCIdleState_1,OCPolarity_2,OCPolarity_1,OCFastMode_PWM-PWM Generation1 CH1,OCFastMode_PWM-PWM Generation2 CH2,OCIdleState_2,Prescaler
TIM1.OCFastMode_PWM-PWM\ Generation1\ CH1=TIM_OCFAST_ENABLE
TIM1.OCFastMode_PWM-PWM\ Generation2\ CH2=TIM_OCFAST_ENABLE
TIM1.OCIdleState_1=TIM_OCIDLESTATE_SET
TIM1.OCIdleState_2=TIM_OCIDLESTATE_SET
TIM1.OCPolarity_1=TIM_OCPOLARITY_LOW
TIM1.OCPolarity_2=TIM_OCPOLARITY_LOW
TIM1.Period=84-1
TIM1.Prescaler=(10*5)-1
TIM12.IPParameters=Period
TIM12.Period=(84000000/16/1000)-1
TIM13.Channel=TIM_CHANNEL_1
TIM13.IPParameters=Period,Channel,Prescaler
TIM13.Period=1000-1
TIM13.Prescaler=84-1
TIM2.Channel-PWM\ Generation1\ CH1=TIM_CHANNEL_1
TIM2.Channel-PWM\ Generation2\ CH2=TIM_CHANNEL_2
TIM2.IPParameters=Channel-PWM Generation1 CH1,Channel-PWM Generation2 CH2,Period,OCPolarity_1,OCPolarity_2,OCFastMode_PWM-PWM Generation2 CH2,OCFastMode_PWM-PWM Generation1 CH1,Prescaler
TIM2.OCFastMode_PWM-PWM\ Generation1\ CH1=TIM_OCFAST_ENABLE
TIM2.OCFastMode_PWM-PWM\ Generation2\ CH2=TIM_OCFAST_ENABLE
TIM2.OCPolarity_1=TIM_OCPOLARITY_LOW
TIM2.OCPolarity_2=TIM_OCPOLARITY_LOW
TIM2.Period=84-1
TIM2.Prescaler=(10*5)-1
TIM3.Channel-PWM\ Generation3\ CH3=TIM_CHANNEL_3
TIM3.Channel-PWM\ Generation4\ CH4=TIM_CHANNEL_4
TIM3.IPParameters=Channel-PWM Generation3 CH3,Channel-PWM Generation4 CH4,Period,OCFastMode_PWM-PWM Generation3 CH3,OCFastMode_PWM-PWM Generation4 CH4,OCPolarity_3,OCPolarity_4,Prescaler
TIM3.OCFastMode_PWM-PWM\ Generation3\ CH3=TIM_OCFAST_ENABLE
TIM3.OCFastMode_PWM-PWM\ Generation4\ CH4=TIM_OCFAST_ENABLE
TIM3.OCPolarity_3=TIM_OCPOLARITY_LOW
TIM3.OCPolarity_4=TIM_OCPOLARITY_LOW
TIM3.Period=84-1
TIM3.Prescaler=(10*5)-1
TIM4.Channel-PWM\ Generation1\ CH1=TIM_CHANNEL_1
TIM4.Channel-PWM\ Generation2\ CH2=TIM_CHANNEL_2
TIM4.IPParameters=Channel-PWM Generation1 CH1,Channel-PWM Generation2 CH2,Period,OCFastMode_PWM-PWM Generation1 CH1,OCPolarity_1,OCFastMode_PWM-PWM Generation2 CH2,OCPolarity_2,Prescaler
TIM4.OCFastMode_PWM-PWM\ Generation1\ CH1=TIM_OCFAST_ENABLE
TIM4.OCFastMode_PWM-PWM\ Generation2\ CH2=TIM_OCFAST_ENABLE
TIM4.OCPolarity_1=TIM_OCPOLARITY_LOW
TIM4.OCPolarity_2=TIM_OCPOLARITY_LOW
TIM4.Period=84-1
TIM4.Prescaler=(10*5)-1
UART5.BaudRate=9600
UART5.IPParameters=VirtualMode,BaudRate,Mode,WordLength,Parity,StopBits
UART5.Mode=MODE_RX
UART5.Parity=PARITY_NONE
UART5.StopBits=UART_STOPBITS_1
UART5.VirtualMode=Asynchronous
UART5.WordLength=WORDLENGTH_8B
VP_CRC_VS_CRC.Mode=CRC_Activate
VP_CRC_VS_CRC.Signal=CRC_VS_CRC
VP_FREERTOS_VS_CMSIS_V2.Mode=CMSIS_V2
VP_FREERTOS_VS_CMSIS_V2.Signal=FREERTOS_VS_CMSIS_V2
VP_SYS_VS_tim6.Mode=TIM6
VP_SYS_VS_tim6.Signal=SYS_VS_tim6
VP_TIM12_VS_ClockSourceINT.Mode=Internal
VP_TIM12_VS_ClockSourceINT.Signal=TIM12_VS_ClockSourceINT
VP_TIM13_VS_ClockSourceINT.Mode=Enable_Timer
VP_TIM13_VS_ClockSourceINT.Signal=TIM13_VS_ClockSourceINT
VP_TIM13_VS_no_output1.Mode=Output Compare1 No Output
VP_TIM13_VS_no_output1.Signal=TIM13_VS_no_output1
VP_TIM14_VS_ClockSourceINT.Mode=Enable_Timer
VP_TIM14_VS_ClockSourceINT.Signal=TIM14_VS_ClockSourceINT
VP_TIM1_VS_ClockSourceINT.Mode=Internal
VP_TIM1_VS_ClockSourceINT.Signal=TIM1_VS_ClockSourceINT
VP_TIM2_VS_ClockSourceINT.Mode=Internal
VP_TIM2_VS_ClockSourceINT.Signal=TIM2_VS_ClockSourceINT
VP_TIM3_VS_ClockSourceINT.Mode=Internal
VP_TIM3_VS_ClockSourceINT.Signal=TIM3_VS_ClockSourceINT
VP_TIM4_VS_ClockSourceINT.Mode=Internal
VP_TIM4_VS_ClockSourceINT.Signal=TIM4_VS_ClockSourceINT
VP_TIM5_VS_ClockSourceINT.Mode=Internal
VP_TIM5_VS_ClockSourceINT.Signal=TIM5_VS_ClockSourceINT
VP_TIM8_VS_ClockSourceINT.Mode=Internal
VP_TIM8_VS_ClockSourceINT.Signal=TIM8_VS_ClockSourceINT
board=custom
rtos.0.ip=FREERTOS
